
Microsoft Visual Studio Solution File, Format Version 12.00
# Visual Studio 15
VisualStudioVersion = 15.0.28307.757
MinimumVisualStudioVersion = 10.0.40219.1
Project("{F184B08F-C81C-45F6-A57F-5ABD9991F28F}") = "SltaAdmin", "SltaAdmin\SltaAdmin.vbproj", "{3D4111E7-0957-47F0-B1F5-0C11A2CC7054}"
EndProject
Global
	GlobalSection(SolutionConfigurationPlatforms) = preSolution
		Debug|Any CPU = Debug|Any CPU
		Debug|x64 = Debug|x64
		Debug|x86 = Debug|x86
		Release|Any CPU = Release|Any CPU
		Release|x64 = Release|x64
		Release|x86 = Release|x86
	EndGlobalSection
	GlobalSection(ProjectConfigurationPlatforms) = postSolution
		{3D4111E7-0957-47F0-B1F5-0C11A2CC7054}.Debug|Any CPU.ActiveCfg = Debug|x86
		{3D4111E7-0957-47F0-B1F5-0C11A2CC7054}.Debug|x64.ActiveCfg = Debug|x64
		{3D4111E7-0957-47F0-B1F5-0C11A2CC7054}.Debug|x64.Build.0 = Debug|x64
		{3D4111E7-0957-47F0-B1F5-0C11A2CC7054}.Debug|x86.ActiveCfg = Debug|x86
		{3D4111E7-0957-47F0-B1F5-0C11A2CC7054}.Debug|x86.Build.0 = Debug|x86
		{3D4111E7-0957-47F0-B1F5-0C11A2CC7054}.Release|Any CPU.ActiveCfg = Release|x86
		{3D4111E7-0957-47F0-B1F5-0C11A2CC7054}.Release|x64.ActiveCfg = Release|x64
		{3D4111E7-0957-47F0-B1F5-0C11A2CC7054}.Release|x64.Build.0 = Release|x64
		{3D4111E7-0957-47F0-B1F5-0C11A2CC7054}.Release|x86.ActiveCfg = Release|x86
		{3D4111E7-0957-47F0-B1F5-0C11A2CC7054}.Release|x86.Build.0 = Release|x86
	EndGlobalSection
	GlobalSection(SolutionProperties) = preSolution
		HideSolutionNode = FALSE
	EndGlobalSection
	GlobalSection(ExtensibilityGlobals) = postSolution
		SolutionGuid = {5AF0E7F6-7ED6-4D9D-B968-6CF1D6393B6D}
	EndGlobalSection
EndGlobal
